
Microsoft Visual Studio Solution File, Format Version 12.00
# Visual Studio Version 16
VisualStudioVersion = 16.0.30114.105
MinimumVisualStudioVersion = 10.0.40219.1
Project("{FAE04EC0-301F-11D3-BF4B-00C04F79EFBC}") = "Server", "Server\Server.csproj", "{4D648800-9677-4284-A5EB-0EA1580B795E}"
EndProject
Global
	GlobalSection(SolutionConfigurationPlatforms) = preSolution
		Debug|Any CPU = Debug|Any CPU
		Release|Any CPU = Release|Any CPU
	EndGlobalSection
	GlobalSection(ProjectConfigurationPlatforms) = postSolution
		{4D648800-9677-4284-A5EB-0EA1580B795E}.Debug|Any CPU.ActiveCfg = Debug|Any CPU
		{4D648800-9677-4284-A5EB-0EA1580B795E}.Debug|Any CPU.Build.0 = Debug|Any CPU
		{4D648800-9677-4284-A5EB-0EA1580B795E}.Release|Any CPU.ActiveCfg = Release|Any CPU
		{4D648800-9677-4284-A5EB-0EA1580B795E}.Release|Any CPU.Build.0 = Release|Any CPU
	EndGlobalSection
	GlobalSection(SolutionProperties) = preSolution
		HideSolutionNode = FALSE
	EndGlobalSection
	GlobalSection(ExtensibilityGlobals) = postSolution
		SolutionGuid = {7C8D9CB3-6FBC-4188-86BE-DFEA4284988A}
	EndGlobalSection
EndGlobal
